// !$*UTF8*$!
{
	archiveVersion = 1;
	classes = {
	};
	objectVersion = 48;
	objects = {

/* Begin PBXBuildFile section */
		093915B21FC8F54C00D035B4 /* AppDelegate.swift in Sources */ = {isa = PBXBuildFile; fileRef = 093915B11FC8F54C00D035B4 /* AppDelegate.swift */; };
		093915B41FC8F54C00D035B4 /* ViewController.swift in Sources */ = {isa = PBXBuildFile; fileRef = 093915B31FC8F54C00D035B4 /* ViewController.swift */; };
		093915B71FC8F54C00D035B4 /* Main.storyboard in Resources */ = {isa = PBXBuildFile; fileRef = 093915B51FC8F54C00D035B4 /* Main.storyboard */; };
		093915BA1FC8F54C00D035B4 /* Core_ToDo_for_Qiita.xcdatamodeld in Sources */ = {isa = PBXBuildFile; fileRef = 093915B81FC8F54C00D035B4 /* Core_ToDo_for_Qiita.xcdatamodeld */; };
		093915BC1FC8F54C00D035B4 /* Assets.xcassets in Resources */ = {isa = PBXBuildFile; fileRef = 093915BB1FC8F54C00D035B4 /* Assets.xcassets */; };
		093915BF1FC8F54C00D035B4 /* LaunchScreen.storyboard in Resources */ = {isa = PBXBuildFile; fileRef = 093915BD1FC8F54C00D035B4 /* LaunchScreen.storyboard */; };
		093915CA1FC8F54C00D035B4 /* Core_ToDo_for_QiitaTests.swift in Sources */ = {isa = PBXBuildFile; fileRef = 093915C91FC8F54C00D035B4 /* Core_ToDo_for_QiitaTests.swift */; };
		093915D51FC8F54C00D035B4 /* Core_ToDo_for_QiitaUITests.swift in Sources */ = {isa = PBXBuildFile; fileRef = 093915D41FC8F54C00D035B4 /* Core_ToDo_for_QiitaUITests.swift */; };
		093915E31FC8FAEA00D035B4 /* AddTaskViewController.swift in Sources */ = {isa = PBXBuildFile; fileRef = 093915E21FC8FAEA00D035B4 /* AddTaskViewController.swift */; };
		093915E71FC945E100D035B4 /* TaskTableViewCell.xib in Resources */ = {isa = PBXBuildFile; fileRef = 093915E61FC945E100D035B4 /* TaskTableViewCell.xib */; };
		093915E91FC9517200D035B4 /* TaskTableViewCell.swift in Sources */ = {isa = PBXBuildFile; fileRef = 093915E81FC9517200D035B4 /* TaskTableViewCell.swift */; };
/* End PBXBuildFile section */

/* Begin PBXContainerItemProxy section */
		093915C61FC8F54C00D035B4 /* PBXContainerItemProxy */ = {
			isa = PBXContainerItemProxy;
			containerPortal = 093915A61FC8F54C00D035B4 /* Project object */;
			proxyType = 1;
			remoteGlobalIDString = 093915AD1FC8F54C00D035B4;
			remoteInfo = "Core ToDo for Qiita";
		};
		093915D11FC8F54C00D035B4 /* PBXContainerItemProxy */ = {
			isa = PBXContainerItemProxy;
			containerPortal = 093915A61FC8F54C00D035B4 /* Project object */;
			proxyType = 1;
			remoteGlobalIDString = 093915AD1FC8F54C00D035B4;
			remoteInfo = "Core ToDo for Qiita";
		};
/* End PBXContainerItemProxy section */

/* Begin PBXFileReference section */
		093915AE1FC8F54C00D035B4 /* Core ToDo for Qiita.app */ = {isa = PBXFileReference; explicitFileType = wrapper.application; includeInIndex = 0; path = "Core ToDo for Qiita.app"; sourceTree = BUILT_PRODUCTS_DIR; };
		093915B11FC8F54C00D035B4 /* AppDelegate.swift */ = {isa = PBXFileReference; lastKnownFileType = sourcecode.swift; path = AppDelegate.swift; sourceTree = "<group>"; };
		093915B31FC8F54C00D035B4 /* ViewController.swift */ = {isa = PBXFileReference; lastKnownFileType = sourcecode.swift; path = ViewController.swift; sourceTree = "<group>"; };
		093915B61FC8F54C00D035B4 /* Base */ = {isa = PBXFileReference; lastKnownFileType = file.storyboard; name = Base; path = Base.lproj/Main.storyboard; sourceTree = "<group>"; };
		093915B91FC8F54C00D035B4 /* Core_ToDo_for_Qiita.xcdatamodel */ = {isa = PBXFileReference; lastKnownFileType = wrapper.xcdatamodel; path = Core_ToDo_for_Qiita.xcdatamodel; sourceTree = "<group>"; };
		093915BB1FC8F54C00D035B4 /* Assets.xcassets */ = {isa = PBXFileReference; lastKnownFileType = folder.assetcatalog; path = Assets.xcassets; sourceTree = "<group>"; };
		093915BE1FC8F54C00D035B4 /* Base */ = {isa = PBXFileReference; lastKnownFileType = file.storyboard; name = Base; path = Base.lproj/LaunchScreen.storyboard; sourceTree = "<group>"; };
		093915C01FC8F54C00D035B4 /* Info.plist */ = {isa = PBXFileReference; lastKnownFileType = text.plist.xml; path = Info.plist; sourceTree = "<group>"; };
		093915C51FC8F54C00D035B4 /* Core ToDo for QiitaTests.xctest */ = {isa = PBXFileReference; explicitFileType = wrapper.cfbundle; includeInIndex = 0; path = "Core ToDo for QiitaTests.xctest"; sourceTree = BUILT_PRODUCTS_DIR; };
		093915C91FC8F54C00D035B4 /* Core_ToDo_for_QiitaTests.swift */ = {isa = PBXFileReference; lastKnownFileType = sourcecode.swift; path = Core_ToDo_for_QiitaTests.swift; sourceTree = "<group>"; };
		093915CB1FC8F54C00D035B4 /* Info.plist */ = {isa = PBXFileReference; lastKnownFileType = text.plist.xml; path = Info.plist; sourceTree = "<group>"; };
		093915D01FC8F54C00D035B4 /* Core ToDo for QiitaUITests.xctest */ = {isa = PBXFileReference; explicitFileType = wrapper.cfbundle; includeInIndex = 0; path = "Core ToDo for QiitaUITests.xctest"; sourceTree = BUILT_PRODUCTS_DIR; };
		093915D41FC8F54C00D035B4 /* Core_ToDo_for_QiitaUITests.swift */ = {isa = PBXFileReference; lastKnownFileType = sourcecode.swift; path = Core_ToDo_for_QiitaUITests.swift; sourceTree = "<group>"; };
		093915D61FC8F54C00D035B4 /* Info.plist */ = {isa = PBXFileReference; lastKnownFileType = text.plist.xml; path = Info.plist; sourceTree = "<group>"; };
		093915E21FC8FAEA00D035B4 /* AddTaskViewController.swift */ = {isa = PBXFileReference; lastKnownFileType = sourcecode.swift; path = AddTaskViewController.swift; sourceTree = "<group>"; };
		093915E61FC945E100D035B4 /* TaskTableViewCell.xib */ = {isa = PBXFileReference; lastKnownFileType = file.xib; path = TaskTableViewCell.xib; sourceTree = "<group>"; };
		093915E81FC9517200D035B4 /* TaskTableViewCell.swift */ = {isa = PBXFileReference; lastKnownFileType = sourcecode.swift; path = TaskTableViewCell.swift; sourceTree = "<group>"; };
/* End PBXFileReference section */

/* Begin PBXFrameworksBuildPhase section */
		093915AB1FC8F54C00D035B4 /* Frameworks */ = {
			isa = PBXFrameworksBuildPhase;
			buildActionMask = 2147483647;
			files = (
			);
			runOnlyForDeploymentPostprocessing = 0;
		};
		093915C21FC8F54C00D035B4 /* Frameworks */ = {
			isa = PBXFrameworksBuildPhase;
			buildActionMask = 2147483647;
			files = (
			);
			runOnlyForDeploymentPostprocessing = 0;
		};
		093915CD1FC8F54C00D035B4 /* Frameworks */ = {
			isa = PBXFrameworksBuildPhase;
			buildActionMask = 2147483647;
			files = (
			);
			runOnlyForDeploymentPostprocessing = 0;
		};
/* End PBXFrameworksBuildPhase section */

/* Begin PBXGroup section */
		093915A51FC8F54C00D035B4 = {
			isa = PBXGroup;
			children = (
				093915B01FC8F54C00D035B4 /* Core ToDo for Qiita */,
				093915C81FC8F54C00D035B4 /* Core ToDo for QiitaTests */,
				093915D31FC8F54C00D035B4 /* Core ToDo for QiitaUITests */,
				093915AF1FC8F54C00D035B4 /* Products */,
			);
			sourceTree = "<group>";
		};
		093915AF1FC8F54C00D035B4 /* Products */ = {
			isa = PBXGroup;
			children = (
				093915AE1FC8F54C00D035B4 /* Core ToDo for Qiita.app */,
				093915C51FC8F54C00D035B4 /* Core ToDo for QiitaTests.xctest */,
				093915D01FC8F54C00D035B4 /* Core ToDo for QiitaUITests.xctest */,
			);
			name = Products;
			sourceTree = "<group>";
		};
		093915B01FC8F54C00D035B4 /* Core ToDo for Qiita */ = {
			isa = PBXGroup;
			children = (
				093915B11FC8F54C00D035B4 /* AppDelegate.swift */,
				093915B31FC8F54C00D035B4 /* ViewController.swift */,
				093915B51FC8F54C00D035B4 /* Main.storyboard */,
				093915E61FC945E100D035B4 /* TaskTableViewCell.xib */,
				093915E21FC8FAEA00D035B4 /* AddTaskViewController.swift */,
				093915BB1FC8F54C00D035B4 /* Assets.xcassets */,
				093915BD1FC8F54C00D035B4 /* LaunchScreen.storyboard */,
				093915C01FC8F54C00D035B4 /* Info.plist */,
				093915B81FC8F54C00D035B4 /* Core_ToDo_for_Qiita.xcdatamodeld */,
				093915E81FC9517200D035B4 /* TaskTableViewCell.swift */,
			);
			path = "Core ToDo for Qiita";
			sourceTree = "<group>";
		};
		093915C81FC8F54C00D035B4 /* Core ToDo for QiitaTests */ = {
			isa = PBXGroup;
			children = (
				093915C91FC8F54C00D035B4 /* Core_ToDo_for_QiitaTests.swift */,
				093915CB1FC8F54C00D035B4 /* Info.plist */,
			);
			path = "Core ToDo for QiitaTests";
			sourceTree = "<group>";
		};
		093915D31FC8F54C00D035B4 /* Core ToDo for QiitaUITests */ = {
			isa = PBXGroup;
			children = (
				093915D41FC8F54C00D035B4 /* Core_ToDo_for_QiitaUITests.swift */,
				093915D61FC8F54C00D035B4 /* Info.plist */,
			);
			path = "Core ToDo for QiitaUITests";
			sourceTree = "<group>";
		};
/* End PBXGroup section */

/* Begin PBXNativeTarget section */
		093915AD1FC8F54C00D035B4 /* Core ToDo for Qiita */ = {
			isa = PBXNativeTarget;
			buildConfigurationList = 093915D91FC8F54C00D035B4 /* Build configuration list for PBXNativeTarget "Core ToDo for Qiita" */;
			buildPhases = (
				093915AA1FC8F54C00D035B4 /* Sources */,
				093915AB1FC8F54C00D035B4 /* Frameworks */,
				093915AC1FC8F54C00D035B4 /* Resources */,
			);
			buildRules = (
			);
			dependencies = (
			);
			name = "Core ToDo for Qiita";
			productName = "Core ToDo for Qiita";
			productReference = 093915AE1FC8F54C00D035B4 /* Core ToDo for Qiita.app */;
			productType = "com.apple.product-type.application";
		};
		093915C41FC8F54C00D035B4 /* Core ToDo for QiitaTests */ = {
			isa = PBXNativeTarget;
			buildConfigurationList = 093915DC1FC8F54C00D035B4 /* Build configuration list for PBXNativeTarget "Core ToDo for QiitaTests" */;
			buildPhases = (
				093915C11FC8F54C00D035B4 /* Sources */,
				093915C21FC8F54C00D035B4 /* Frameworks */,
				093915C31FC8F54C00D035B4 /* Resources */,
			);
			buildRules = (
			);
			dependencies = (
				093915C71FC8F54C00D035B4 /* PBXTargetDependency */,
			);
			name = "Core ToDo for QiitaTests";
			productName = "Core ToDo for QiitaTests";
			productReference = 093915C51FC8F54C00D035B4 /* Core ToDo for QiitaTests.xctest */;
			productType = "com.apple.product-type.bundle.unit-test";
		};
		093915CF1FC8F54C00D035B4 /* Core ToDo for QiitaUITests */ = {
			isa = PBXNativeTarget;
			buildConfigurationList = 093915DF1FC8F54C00D035B4 /* Build configuration list for PBXNativeTarget "Core ToDo for QiitaUITests" */;
			buildPhases = (
				093915CC1FC8F54C00D035B4 /* Sources */,
				093915CD1FC8F54C00D035B4 /* Frameworks */,
				093915CE1FC8F54C00D035B4 /* Resources */,
			);
			buildRules = (
			);
			dependencies = (
				093915D21FC8F54C00D035B4 /* PBXTargetDependency */,
			);
			name = "Core ToDo for QiitaUITests";
			productName = "Core ToDo for QiitaUITests";
			productReference = 093915D01FC8F54C00D035B4 /* Core ToDo for QiitaUITests.xctest */;
			productType = "com.apple.product-type.bundle.ui-testing";
		};
/* End PBXNativeTarget section */

/* Begin PBXProject section */
		093915A61FC8F54C00D035B4 /* Project object */ = {
			isa = PBXProject;
			attributes = {
				LastSwiftUpdateCheck = 0910;
				LastUpgradeCheck = 0910;
				ORGANIZATIONNAME = jun;
				TargetAttributes = {
					093915AD1FC8F54C00D035B4 = {
						CreatedOnToolsVersion = 9.1;
						ProvisioningStyle = Automatic;
					};
					093915C41FC8F54C00D035B4 = {
						CreatedOnToolsVersion = 9.1;
						ProvisioningStyle = Automatic;
						TestTargetID = 093915AD1FC8F54C00D035B4;
					};
					093915CF1FC8F54C00D035B4 = {
						CreatedOnToolsVersion = 9.1;
						ProvisioningStyle = Automatic;
						TestTargetID = 093915AD1FC8F54C00D035B4;
					};
				};
			};
			buildConfigurationList = 093915A91FC8F54C00D035B4 /* Build configuration list for PBXProject "Core ToDo for Qiita" */;
			compatibilityVersion = "Xcode 8.0";
			developmentRegion = en;
			hasScannedForEncodings = 0;
			knownRegions = (
				en,
				Base,
			);
			mainGroup = 093915A51FC8F54C00D035B4;
			productRefGroup = 093915AF1FC8F54C00D035B4 /* Products */;
			projectDirPath = "";
			projectRoot = "";
			targets = (
				093915AD1FC8F54C00D035B4 /* Core ToDo for Qiita */,
				093915C41FC8F54C00D035B4 /* Core ToDo for QiitaTests */,
				093915CF1FC8F54C00D035B4 /* Core ToDo for QiitaUITests */,
			);
		};
/* End PBXProject section */

/* Begin PBXResourcesBuildPhase section */
		093915AC1FC8F54C00D035B4 /* Resources */ = {
			isa = PBXResourcesBuildPhase;
			buildActionMask = 2147483647;
			files = (
				093915E71FC945E100D035B4 /* TaskTableViewCell.xib in Resources */,
				093915BF1FC8F54C00D035B4 /* LaunchScreen.storyboard in Resources */,
				093915BC1FC8F54C00D035B4 /* Assets.xcassets in Resources */,
				093915B71FC8F54C00D035B4 /* Main.storyboard in Resources */,
			);
			runOnlyForDeploymentPostprocessing = 0;
		};
		093915C31FC8F54C00D035B4 /* Resources */ = {
			isa = PBXResourcesBuildPhase;
			buildActionMask = 2147483647;
			files = (
			);
			runOnlyForDeploymentPostprocessing = 0;
		};
		093915CE1FC8F54C00D035B4 /* Resources */ = {
			isa = PBXResourcesBuildPhase;
			buildActionMask = 2147483647;
			files = (
			);
			runOnlyForDeploymentPostprocessing = 0;
		};
/* End PBXResourcesBuildPhase section */

/* Begin PBXSourcesBuildPhase section */
		093915AA1FC8F54C00D035B4 /* Sources */ = {
			isa = PBXSourcesBuildPhase;
			buildActionMask = 2147483647;
			files = (
				093915B41FC8F54C00D035B4 /* ViewController.swift in Sources */,
				093915E31FC8FAEA00D035B4 /* AddTaskViewController.swift in Sources */,
				093915E91FC9517200D035B4 /* TaskTableViewCell.swift in Sources */,
				093915B21FC8F54C00D035B4 /* AppDelegate.swift in Sources */,
				093915BA1FC8F54C00D035B4 /* Core_ToDo_for_Qiita.xcdatamodeld in Sources */,
			);
			runOnlyForDeploymentPostprocessing = 0;
		};
		093915C11FC8F54C00D035B4 /* Sources */ = {
			isa = PBXSourcesBuildPhase;
			buildActionMask = 2147483647;
			files = (
				093915CA1FC8F54C00D035B4 /* Core_ToDo_for_QiitaTests.swift in Sources */,
			);
			runOnlyForDeploymentPostprocessing = 0;
		};
		093915CC1FC8F54C00D035B4 /* Sources */ = {
			isa = PBXSourcesBuildPhase;
			buildActionMask = 2147483647;
			files = (
				093915D51FC8F54C00D035B4 /* Core_ToDo_for_QiitaUITests.swift in Sources */,
			);
			runOnlyForDeploymentPostprocessing = 0;
		};
/* End PBXSourcesBuildPhase section */

/* Begin PBXTargetDependency section */
		093915C71FC8F54C00D035B4 /* PBXTargetDependency */ = {
			isa = PBXTargetDependency;
			target = 093915AD1FC8F54C00D035B4 /* Core ToDo for Qiita */;
			targetProxy = 093915C61FC8F54C00D035B4 /* PBXContainerItemProxy */;
		};
		093915D21FC8F54C00D035B4 /* PBXTargetDependency */ = {
			isa = PBXTargetDependency;
			target = 093915AD1FC8F54C00D035B4 /* Core ToDo for Qiita */;
			targetProxy = 093915D11FC8F54C00D035B4 /* PBXContainerItemProxy */;
		};
/* End PBXTargetDependency section */

/* Begin PBXVariantGroup section */
		093915B51FC8F54C00D035B4 /* Main.storyboard */ = {
			isa = PBXVariantGroup;
			children = (
				093915B61FC8F54C00D035B4 /* Base */,
			);
			name = Main.storyboard;
			sourceTree = "<group>";
		};
		093915BD1FC8F54C00D035B4 /* LaunchScreen.storyboard */ = {
			isa = PBXVariantGroup;
			children = (
				093915BE1FC8F54C00D035B4 /* Base */,
			);
			name = LaunchScreen.storyboard;
			sourceTree = "<group>";
		};
/* End PBXVariantGroup section */

/* Begin XCBuildConfiguration section */
		093915D71FC8F54C00D035B4 /* Debug */ = {
			isa = XCBuildConfiguration;
			buildSettings = {
				ALWAYS_SEARCH_USER_PATHS = NO;
				CLANG_ANALYZER_NONNULL = YES;
				CLANG_ANALYZER_NUMBER_OBJECT_CONVERSION = YES_AGGRESSIVE;
				CLANG_CXX_LANGUAGE_STANDARD = "gnu++14";
				CLANG_CXX_LIBRARY = "libc++";
				CLANG_ENABLE_MODULES = YES;
				CLANG_ENABLE_OBJC_ARC = YES;
				CLANG_WARN_BLOCK_CAPTURE_AUTORELEASING = YES;
				CLANG_WARN_BOOL_CONVERSION = YES;
				CLANG_WARN_COMMA = YES;
				CLANG_WARN_CONSTANT_CONVERSION = YES;
				CLANG_WARN_DIRECT_OBJC_ISA_USAGE = YES_ERROR;
				CLANG_WARN_DOCUMENTATION_COMMENTS = YES;
				CLANG_WARN_EMPTY_BODY = YES;
				CLANG_WARN_ENUM_CONVERSION = YES;
				CLANG_WARN_INFINITE_RECURSION = YES;
				CLANG_WARN_INT_CONVERSION = YES;
				CLANG_WARN_NON_LITERAL_NULL_CONVERSION = YES;
				CLANG_WARN_OBJC_LITERAL_CONVERSION = YES;
				CLANG_WARN_OBJC_ROOT_CLASS = YES_ERROR;
				CLANG_WARN_RANGE_LOOP_ANALYSIS = YES;
				CLANG_WARN_STRICT_PROTOTYPES = YES;
				CLANG_WARN_SUSPICIOUS_MOVE = YES;
				CLANG_WARN_UNGUARDED_AVAILABILITY = YES_AGGRESSIVE;
				CLANG_WARN_UNREACHABLE_CODE = YES;
				CLANG_WARN__DUPLICATE_METHOD_MATCH = YES;
				CODE_SIGN_IDENTITY = "iPhone Developer";
				COPY_PHASE_STRIP = NO;
				DEBUG_INFORMATION_FORMAT = dwarf;
				ENABLE_STRICT_OBJC_MSGSEND = YES;
				ENABLE_TESTABILITY = YES;
				GCC_C_LANGUAGE_STANDARD = gnu11;
				GCC_DYNAMIC_NO_PIC = NO;
				GCC_NO_COMMON_BLOCKS = YES;
				GCC_OPTIMIZATION_LEVEL = 0;
				GCC_PREPROCESSOR_DEFINITIONS = (
					"DEBUG=1",
					"$(inherited)",
				);
				GCC_WARN_64_TO_32_BIT_CONVERSION = YES;
				GCC_WARN_ABOUT_RETURN_TYPE = YES_ERROR;
				GCC_WARN_UNDECLARED_SELECTOR = YES;
				GCC_WARN_UNINITIALIZED_AUTOS = YES_AGGRESSIVE;
				GCC_WARN_UNUSED_FUNCTION = YES;
				GCC_WARN_UNUSED_VARIABLE = YES;
				IPHONEOS_DEPLOYMENT_TARGET = 11.1;
				MTL_ENABLE_DEBUG_INFO = YES;
				ONLY_ACTIVE_ARCH = YES;
				SDKROOT = iphoneos;
				SWIFT_ACTIVE_COMPILATION_CONDITIONS = DEBUG;
				SWIFT_OPTIMIZATION_LEVEL = "-Onone";
			};
			name = Debug;
		};
		093915D81FC8F54C00D035B4 /* Release */ = {
			isa = XCBuildConfiguration;
			buildSettings = {
				ALWAYS_SEARCH_USER_PATHS = NO;
				CLANG_ANALYZER_NONNULL = YES;
				CLANG_ANALYZER_NUMBER_OBJECT_CONVERSION = YES_AGGRESSIVE;
				CLANG_CXX_LANGUAGE_STANDARD = "gnu++14";
				CLANG_CXX_LIBRARY = "libc++";
				CLANG_ENABLE_MODULES = YES;
				CLANG_ENABLE_OBJC_ARC = YES;
				CLANG_WARN_BLOCK_CAPTURE_AUTORELEASING = YES;
				CLANG_WARN_BOOL_CONVERSION = YES;
				CLANG_WARN_COMMA = YES;
				CLANG_WARN_CONSTANT_CONVERSION = YES;
				CLANG_WARN_DIRECT_OBJC_ISA_USAGE = YES_ERROR;
				CLANG_WARN_DOCUMENTATION_COMMENTS = YES;
				CLANG_WARN_EMPTY_BODY = YES;
				CLANG_WARN_ENUM_CONVERSION = YES;
				CLANG_WARN_INFINITE_RECURSION = YES;
				CLANG_WARN_INT_CONVERSION = YES;
				CLANG_WARN_NON_LITERAL_NULL_CONVERSION = YES;
				CLANG_WARN_OBJC_LITERAL_CONVERSION = YES;
				CLANG_WARN_OBJC_ROOT_CLASS = YES_ERROR;
				CLANG_WARN_RANGE_LOOP_ANALYSIS = YES;
				CLANG_WARN_STRICT_PROTOTYPES = YES;
				CLANG_WARN_SUSPICIOUS_MOVE = YES;
				CLANG_WARN_UNGUARDED_AVAILABILITY = YES_AGGRESSIVE;
				CLANG_WARN_UNREACHABLE_CODE = YES;
				CLANG_WARN__DUPLICATE_METHOD_MATCH = YES;
				CODE_SIGN_IDENTITY = "iPhone Developer";
				COPY_PHASE_STRIP = NO;
				DEBUG_INFORMATION_FORMAT = "dwarf-with-dsym";
				ENABLE_NS_ASSERTIONS = NO;
				ENABLE_STRICT_OBJC_MSGSEND = YES;
				GCC_C_LANGUAGE_STANDARD = gnu11;
				GCC_NO_COMMON_BLOCKS = YES;
				GCC_WARN_64_TO_32_BIT_CONVERSION = YES;
				GCC_WARN_ABOUT_RETURN_TYPE = YES_ERROR;
				GCC_WARN_UNDECLARED_SELECTOR = YES;
				GCC_WARN_UNINITIALIZED_AUTOS = YES_AGGRESSIVE;
				GCC_WARN_UNUSED_FUNCTION = YES;
				GCC_WARN_UNUSED_VARIABLE = YES;
				IPHONEOS_DEPLOYMENT_TARGET = 11.1;
				MTL_ENABLE_DEBUG_INFO = NO;
				SDKROOT = iphoneos;
				SWIFT_OPTIMIZATION_LEVEL = "-Owholemodule";
				VALIDATE_PRODUCT = YES;
			};
			name = Release;
		};
		093915DA1FC8F54C00D035B4 /* Debug */ = {
			isa = XCBuildConfiguration;
			buildSettings = {
				ASSETCATALOG_COMPILER_APPICON_NAME = AppIcon;
				CODE_SIGN_STYLE = Automatic;
				DEVELOPMENT_TEAM = JDV76T6K6R;
				INFOPLIST_FILE = "Core ToDo for Qiita/Info.plist";
				LD_RUNPATH_SEARCH_PATHS = "$(inherited) @executable_path/Frameworks";
				PRODUCT_BUNDLE_IDENTIFIER = "junjun.Core-ToDo-for-Qiita";
				PRODUCT_NAME = "$(TARGET_NAME)";
				SWIFT_VERSION = 4.0;
				TARGETED_DEVICE_FAMILY = "1,2";
			};
			name = Debug;
		};
		093915DB1FC8F54C00D035B4 /* Release */ = {
			isa = XCBuildConfiguration;
			buildSettings = {
				ASSETCATALOG_COMPILER_APPICON_NAME = AppIcon;
				CODE_SIGN_STYLE = Automatic;
				DEVELOPMENT_TEAM = JDV76T6K6R;
				INFOPLIST_FILE = "Core ToDo for Qiita/Info.plist";
				LD_RUNPATH_SEARCH_PATHS = "$(inherited) @executable_path/Frameworks";
				PRODUCT_BUNDLE_IDENTIFIER = "junjun.Core-ToDo-for-Qiita";
				PRODUCT_NAME = "$(TARGET_NAME)";
				SWIFT_VERSION = 4.0;
				TARGETED_DEVICE_FAMILY = "1,2";
			};
			name = Release;
		};
		093915DD1FC8F54C00D035B4 /* Debug */ = {
			isa = XCBuildConfiguration;
			buildSettings = {
				ALWAYS_EMBED_SWIFT_STANDARD_LIBRARIES = YES;
				BUNDLE_LOADER = "$(TEST_HOST)";
				CODE_SIGN_STYLE = Automatic;
				DEVELOPMENT_TEAM = JDV76T6K6R;
				INFOPLIST_FILE = "Core ToDo for QiitaTests/Info.plist";
				LD_RUNPATH_SEARCH_PATHS = "$(inherited) @executable_path/Frameworks @loader_path/Frameworks";
				PRODUCT_BUNDLE_IDENTIFIER = "junjun.Core-ToDo-for-QiitaTests";
				PRODUCT_NAME = "$(TARGET_NAME)";
				SWIFT_VERSION = 4.0;
				TARGETED_DEVICE_FAMILY = "1,2";
				TEST_HOST = "$(BUILT_PRODUCTS_DIR)/Core ToDo for Qiita.app/Core ToDo for Qiita";
			};
			name = Debug;
		};
		093915DE1FC8F54C00D035B4 /* Release */ = {
			isa = XCBuildConfiguration;
			buildSettings = {
				ALWAYS_EMBED_SWIFT_STANDARD_LIBRARIES = YES;
				BUNDLE_LOADER = "$(TEST_HOST)";
				CODE_SIGN_STYLE = Automatic;
				DEVELOPMENT_TEAM = JDV76T6K6R;
				INFOPLIST_FILE = "Core ToDo for QiitaTests/Info.plist";
				LD_RUNPATH_SEARCH_PATHS = "$(inherited) @executable_path/Frameworks @loader_path/Frameworks";
				PRODUCT_BUNDLE_IDENTIFIER = "junjun.Core-ToDo-for-QiitaTests";
				PRODUCT_NAME = "$(TARGET_NAME)";
				SWIFT_VERSION = 4.0;
				TARGETED_DEVICE_FAMILY = "1,2";
				TEST_HOST = "$(BUILT_PRODUCTS_DIR)/Core ToDo for Qiita.app/Core ToDo for Qiita";
			};
			name = Release;
		};
		093915E01FC8F54C00D035B4 /* Debug */ = {
			isa = XCBuildConfiguration;
			buildSettings = {
				ALWAYS_EMBED_SWIFT_STANDARD_LIBRARIES = YES;
				CODE_SIGN_STYLE = Automatic;
				DEVELOPMENT_TEAM = JDV76T6K6R;
				INFOPLIST_FILE = "Core ToDo for QiitaUITests/Info.plist";
				LD_RUNPATH_SEARCH_PATHS = "$(inherited) @executable_path/Frameworks @loader_path/Frameworks";
				PRODUCT_BUNDLE_IDENTIFIER = "junjun.Core-ToDo-for-QiitaUITests";
				PRODUCT_NAME = "$(TARGET_NAME)";
				SWIFT_VERSION = 4.0;
				TARGETED_DEVICE_FAMILY = "1,2";
				TEST_TARGET_NAME = "Core ToDo for Qiita";
			};
			name = Debug;
		};
		093915E11FC8F54C00D035B4 /* Release */ = {
			isa = XCBuildConfiguration;
			buildSettings = {
				ALWAYS_EMBED_SWIFT_STANDARD_LIBRARIES = YES;
				CODE_SIGN_STYLE = Automatic;
				DEVELOPMENT_TEAM = JDV76T6K6R;
				INFOPLIST_FILE = "Core ToDo for QiitaUITests/Info.plist";
				LD_RUNPATH_SEARCH_PATHS = "$(inherited) @executable_path/Frameworks @loader_path/Frameworks";
				PRODUCT_BUNDLE_IDENTIFIER = "junjun.Core-ToDo-for-QiitaUITests";
				PRODUCT_NAME = "$(TARGET_NAME)";
				SWIFT_VERSION = 4.0;
				TARGETED_DEVICE_FAMILY = "1,2";
				TEST_TARGET_NAME = "Core ToDo for Qiita";
			};
			name = Release;
		};
/* End XCBuildConfiguration section */

/* Begin XCConfigurationList section */
		093915A91FC8F54C00D035B4 /* Build configuration list for PBXProject "Core ToDo for Qiita" */ = {
			isa = XCConfigurationList;
			buildConfigurations = (
				093915D71FC8F54C00D035B4 /* Debug */,
				093915D81FC8F54C00D035B4 /* Release */,
			);
			defaultConfigurationIsVisible = 0;
			defaultConfigurationName = Release;
		};
		093915D91FC8F54C00D035B4 /* Build configuration list for PBXNativeTarget "Core ToDo for Qiita" */ = {
			isa = XCConfigurationList;
			buildConfigurations = (
				093915DA1FC8F54C00D035B4 /* Debug */,
				093915DB1FC8F54C00D035B4 /* Release */,
			);
			defaultConfigurationIsVisible = 0;
			defaultConfigurationName = Release;
		};
		093915DC1FC8F54C00D035B4 /* Build configuration list for PBXNativeTarget "Core ToDo for QiitaTests" */ = {
			isa = XCConfigurationList;
			buildConfigurations = (
				093915DD1FC8F54C00D035B4 /* Debug */,
				093915DE1FC8F54C00D035B4 /* Release */,
			);
			defaultConfigurationIsVisible = 0;
			defaultConfigurationName = Release;
		};
		093915DF1FC8F54C00D035B4 /* Build configuration list for PBXNativeTarget "Core ToDo for QiitaUITests" */ = {
			isa = XCConfigurationList;
			buildConfigurations = (
				093915E01FC8F54C00D035B4 /* Debug */,
				093915E11FC8F54C00D035B4 /* Release */,
			);
			defaultConfigurationIsVisible = 0;
			defaultConfigurationName = Release;
		};
/* End XCConfigurationList section */

/* Begin XCVersionGroup section */
		093915B81FC8F54C00D035B4 /* Core_ToDo_for_Qiita.xcdatamodeld */ = {
			isa = XCVersionGroup;
			children = (
				093915B91FC8F54C00D035B4 /* Core_ToDo_for_Qiita.xcdatamodel */,
			);
			currentVersion = 093915B91FC8F54C00D035B4 /* Core_ToDo_for_Qiita.xcdatamodel */;
			path = Core_ToDo_for_Qiita.xcdatamodeld;
			sourceTree = "<group>";
			versionGroupType = wrapper.xcdatamodel;
		};
/* End XCVersionGroup section */
	};
	rootObject = 093915A61FC8F54C00D035B4 /* Project object */;
}
